# This file is automatically @generated by Poetry 1.8.3 and should not be changed by hand.

[[package]]
name = "gdal"
version = "3.4.1"
description = "GDAL: Geospatial Data Abstraction Library"
optional = false
python-versions = ">=3.6.0"
files = [
    {file = "GDAL-3.4.1.tar.gz", hash = "sha256:b19e8143bc2c0d3e222789a465d82b6874236eb78801aec608bf5c8c44d20fcf"},
]

[package.extras]
numpy = ["numpy (>1.0.0)"]

[metadata]
lock-version = "2.0"
python-versions = "^3.10"
content-hash = "ea536a0d439f40725f0664ad02be5dbf6c4d869351dbd075dd3fc1c30b1d6eaf"
